// !$*UTF8*$!
{
	archiveVersion = 1;
	classes = {
	};
	objectVersion = 56;
	objects = {

/* Begin PBXBuildFile section */
		24C634092B850D2D00E08B67 /* AppDelegate.m in Sources */ = {isa = PBXBuildFile; fileRef = 24C634082B850D2D00E08B67 /* AppDelegate.m */; };
		24C6340C2B850D2D00E08B67 /* ViewController.m in Sources */ = {isa = PBXBuildFile; fileRef = 24C6340B2B850D2D00E08B67 /* ViewController.m */; };
		24C6340E2B850D2E00E08B67 /* Assets.xcassets in Resources */ = {isa = PBXBuildFile; fileRef = 24C6340D2B850D2E00E08B67 /* Assets.xcassets */; };
		24C634112B850D2E00E08B67 /* Main.storyboard in Resources */ = {isa = PBXBuildFile; fileRef = 24C6340F2B850D2E00E08B67 /* Main.storyboard */; };
		24C634132B850D2E00E08B67 /* main.m in Sources */ = {isa = PBXBuildFile; fileRef = 24C634122B850D2E00E08B67 /* main.m */; };
		6FCF1B21D7D464ED81CE8E4B /* Pods_chess_invert.framework in Frameworks */ = {isa = PBXBuildFile; fileRef = 6EC30C97A70D74F58BA77996 /* Pods_chess_invert.framework */; };
/* End PBXBuildFile section */

/* Begin PBXFileReference section */
		24C634042B850D2D00E08B67 /* chess-invert.app */ = {isa = PBXFileReference; explicitFileType = wrapper.application; includeInIndex = 0; path = "chess-invert.app"; sourceTree = BUILT_PRODUCTS_DIR; };
		24C634072B850D2D00E08B67 /* AppDelegate.h */ = {isa = PBXFileReference; lastKnownFileType = sourcecode.c.h; path = AppDelegate.h; sourceTree = "<group>"; };
		24C634082B850D2D00E08B67 /* AppDelegate.m */ = {isa = PBXFileReference; lastKnownFileType = sourcecode.c.objc; path = AppDelegate.m; sourceTree = "<group>"; };
		24C6340A2B850D2D00E08B67 /* ViewController.h */ = {isa = PBXFileReference; lastKnownFileType = sourcecode.c.h; path = ViewController.h; sourceTree = "<group>"; };
		24C6340B2B850D2D00E08B67 /* ViewController.m */ = {isa = PBXFileReference; lastKnownFileType = sourcecode.c.objc; path = ViewController.m; sourceTree = "<group>"; };
		24C6340D2B850D2E00E08B67 /* Assets.xcassets */ = {isa = PBXFileReference; lastKnownFileType = folder.assetcatalog; path = Assets.xcassets; sourceTree = "<group>"; };
		24C634102B850D2E00E08B67 /* Base */ = {isa = PBXFileReference; lastKnownFileType = file.storyboard; name = Base; path = Base.lproj/Main.storyboard; sourceTree = "<group>"; };
		24C634122B850D2E00E08B67 /* main.m */ = {isa = PBXFileReference; lastKnownFileType = sourcecode.c.objc; path = main.m; sourceTree = "<group>"; };
		24C634142B850D2E00E08B67 /* chess_invert.entitlements */ = {isa = PBXFileReference; lastKnownFileType = text.plist.entitlements; path = chess_invert.entitlements; sourceTree = "<group>"; };
		386B13BBF36E5D96060C287D /* Pods-chess-invert.debug.xcconfig */ = {isa = PBXFileReference; includeInIndex = 1; lastKnownFileType = text.xcconfig; name = "Pods-chess-invert.debug.xcconfig"; path = "Target Support Files/Pods-chess-invert/Pods-chess-invert.debug.xcconfig"; sourceTree = "<group>"; };
		3875F2AFE157DF97AEE9F67A /* Pods-chess-invert.release.xcconfig */ = {isa = PBXFileReference; includeInIndex = 1; lastKnownFileType = text.xcconfig; name = "Pods-chess-invert.release.xcconfig"; path = "Target Support Files/Pods-chess-invert/Pods-chess-invert.release.xcconfig"; sourceTree = "<group>"; };
		6EC30C97A70D74F58BA77996 /* Pods_chess_invert.framework */ = {isa = PBXFileReference; explicitFileType = wrapper.framework; includeInIndex = 0; path = Pods_chess_invert.framework; sourceTree = BUILT_PRODUCTS_DIR; };
/* End PBXFileReference section */

/* Begin PBXFrameworksBuildPhase section */
		24C634012B850D2D00E08B67 /* Frameworks */ = {
			isa = PBXFrameworksBuildPhase;
			buildActionMask = 2147483647;
			files = (
				6FCF1B21D7D464ED81CE8E4B /* Pods_chess_invert.framework in Frameworks */,
			);
			runOnlyForDeploymentPostprocessing = 0;
		};
/* End PBXFrameworksBuildPhase section */

/* Begin PBXGroup section */
		24C633FB2B850D2D00E08B67 = {
			isa = PBXGroup;
			children = (
				24C634062B850D2D00E08B67 /* chess-invert */,
				24C634052B850D2D00E08B67 /* Products */,
				7BEE30D1F6CA75F53A40C167 /* Pods */,
				80FB496194E470B0DE7F1E49 /* Frameworks */,
			);
			sourceTree = "<group>";
		};
		24C634052B850D2D00E08B67 /* Products */ = {
			isa = PBXGroup;
			children = (
				24C634042B850D2D00E08B67 /* chess-invert.app */,
			);
			name = Products;
			sourceTree = "<group>";
		};
		24C634062B850D2D00E08B67 /* chess-invert */ = {
			isa = PBXGroup;
			children = (
				24C634072B850D2D00E08B67 /* AppDelegate.h */,
				24C634082B850D2D00E08B67 /* AppDelegate.m */,
				24C6340A2B850D2D00E08B67 /* ViewController.h */,
				24C6340B2B850D2D00E08B67 /* ViewController.m */,
				24C6340D2B850D2E00E08B67 /* Assets.xcassets */,
				24C6340F2B850D2E00E08B67 /* Main.storyboard */,
				24C634122B850D2E00E08B67 /* main.m */,
				24C634142B850D2E00E08B67 /* chess_invert.entitlements */,
			);
			path = "chess-invert";
			sourceTree = "<group>";
		};
		7BEE30D1F6CA75F53A40C167 /* Pods */ = {
			isa = PBXGroup;
			children = (
				386B13BBF36E5D96060C287D /* Pods-chess-invert.debug.xcconfig */,
				3875F2AFE157DF97AEE9F67A /* Pods-chess-invert.release.xcconfig */,
			);
			path = Pods;
			sourceTree = "<group>";
		};
		80FB496194E470B0DE7F1E49 /* Frameworks */ = {
			isa = PBXGroup;
			children = (
				6EC30C97A70D74F58BA77996 /* Pods_chess_invert.framework */,
			);
			name = Frameworks;
			sourceTree = "<group>";
		};
/* End PBXGroup section */

/* Begin PBXNativeTarget section */
		24C634032B850D2D00E08B67 /* chess-invert */ = {
			isa = PBXNativeTarget;
			buildConfigurationList = 24C634172B850D2E00E08B67 /* Build configuration list for PBXNativeTarget "chess-invert" */;
			buildPhases = (
				BA6EEF76931CEC3C163327FE /* [CP] Check Pods Manifest.lock */,
				24C634002B850D2D00E08B67 /* Sources */,
				24C634012B850D2D00E08B67 /* Frameworks */,
				24C634022B850D2D00E08B67 /* Resources */,
				CBE7182203A3A3D925FEA6EB /* [CP] Embed Pods Frameworks */,
			);
			buildRules = (
			);
			dependencies = (
			);
			name = "chess-invert";
			productName = "chess-invert";
			productReference = 24C634042B850D2D00E08B67 /* chess-invert.app */;
			productType = "com.apple.product-type.application";
		};
/* End PBXNativeTarget section */

/* Begin PBXProject section */
		24C633FC2B850D2D00E08B67 /* Project object */ = {
			isa = PBXProject;
			attributes = {
				BuildIndependentTargetsInParallel = 1;
				LastUpgradeCheck = 1510;
				TargetAttributes = {
					24C634032B850D2D00E08B67 = {
						CreatedOnToolsVersion = 15.1;
					};
				};
			};
			buildConfigurationList = 24C633FF2B850D2D00E08B67 /* Build configuration list for PBXProject "chess-invert" */;
			compatibilityVersion = "Xcode 14.0";
			developmentRegion = en;
			hasScannedForEncodings = 0;
			knownRegions = (
				en,
				Base,
			);
			mainGroup = 24C633FB2B850D2D00E08B67;
			productRefGroup = 24C634052B850D2D00E08B67 /* Products */;
			projectDirPath = "";
			projectRoot = "";
			targets = (
				24C634032B850D2D00E08B67 /* chess-invert */,
			);
		};
/* End PBXProject section */

/* Begin PBXResourcesBuildPhase section */
		24C634022B850D2D00E08B67 /* Resources */ = {
			isa = PBXResourcesBuildPhase;
			buildActionMask = 2147483647;
			files = (
				24C6340E2B850D2E00E08B67 /* Assets.xcassets in Resources */,
				24C634112B850D2E00E08B67 /* Main.storyboard in Resources */,
			);
			runOnlyForDeploymentPostprocessing = 0;
		};
/* End PBXResourcesBuildPhase section */

/* Begin PBXShellScriptBuildPhase section */
		BA6EEF76931CEC3C163327FE /* [CP] Check Pods Manifest.lock */ = {
			isa = PBXShellScriptBuildPhase;
			buildActionMask = 2147483647;
			files = (
			);
			inputFileListPaths = (
			);
			inputPaths = (
				"${PODS_PODFILE_DIR_PATH}/Podfile.lock",
				"${PODS_ROOT}/Manifest.lock",
			);
			name = "[CP] Check Pods Manifest.lock";
			outputFileListPaths = (
			);
			outputPaths = (
				"$(DERIVED_FILE_DIR)/Pods-chess-invert-checkManifestLockResult.txt",
			);
			runOnlyForDeploymentPostprocessing = 0;
			shellPath = /bin/sh;
			shellScript = "diff \"${PODS_PODFILE_DIR_PATH}/Podfile.lock\" \"${PODS_ROOT}/Manifest.lock\" > /dev/null\nif [ $? != 0 ] ; then\n    # print error to STDERR\n    echo \"error: The sandbox is not in sync with the Podfile.lock. Run 'pod install' or update your CocoaPods installation.\" >&2\n    exit 1\nfi\n# This output is used by Xcode 'outputs' to avoid re-running this script phase.\necho \"SUCCESS\" > \"${SCRIPT_OUTPUT_FILE_0}\"\n";
			showEnvVarsInLog = 0;
		};
		CBE7182203A3A3D925FEA6EB /* [CP] Embed Pods Frameworks */ = {
			isa = PBXShellScriptBuildPhase;
			buildActionMask = 2147483647;
			files = (
			);
			inputFileListPaths = (
				"${PODS_ROOT}/Target Support Files/Pods-chess-invert/Pods-chess-invert-frameworks-${CONFIGURATION}-input-files.xcfilelist",
			);
			name = "[CP] Embed Pods Frameworks";
			outputFileListPaths = (
				"${PODS_ROOT}/Target Support Files/Pods-chess-invert/Pods-chess-invert-frameworks-${CONFIGURATION}-output-files.xcfilelist",
			);
			runOnlyForDeploymentPostprocessing = 0;
			shellPath = /bin/sh;
			shellScript = "\"${PODS_ROOT}/Target Support Files/Pods-chess-invert/Pods-chess-invert-frameworks.sh\"\n";
			showEnvVarsInLog = 0;
		};
/* End PBXShellScriptBuildPhase section */

/* Begin PBXSourcesBuildPhase section */
		24C634002B850D2D00E08B67 /* Sources */ = {
			isa = PBXSourcesBuildPhase;
			buildActionMask = 2147483647;
			files = (
				24C6340C2B850D2D00E08B67 /* ViewController.m in Sources */,
				24C634132B850D2E00E08B67 /* main.m in Sources */,
				24C634092B850D2D00E08B67 /* AppDelegate.m in Sources */,
			);
			runOnlyForDeploymentPostprocessing = 0;
		};
/* End PBXSourcesBuildPhase section */

/* Begin PBXVariantGroup section */
		24C6340F2B850D2E00E08B67 /* Main.storyboard */ = {
			isa = PBXVariantGroup;
			children = (
				24C634102B850D2E00E08B67 /* Base */,
			);
			name = Main.storyboard;
			sourceTree = "<group>";
		};
/* End PBXVariantGroup section */

/* Begin XCBuildConfiguration section */
		24C634152B850D2E00E08B67 /* Debug */ = {
			isa = XCBuildConfiguration;
			buildSettings = {
				ALWAYS_SEARCH_USER_PATHS = NO;
				ASSETCATALOG_COMPILER_GENERATE_SWIFT_ASSET_SYMBOL_EXTENSIONS = YES;
				CLANG_ANALYZER_NONNULL = YES;
				CLANG_ANALYZER_NUMBER_OBJECT_CONVERSION = YES_AGGRESSIVE;
				CLANG_CXX_LANGUAGE_STANDARD = "gnu++20";
				CLANG_ENABLE_MODULES = YES;
				CLANG_ENABLE_OBJC_ARC = YES;
				CLANG_ENABLE_OBJC_WEAK = YES;
				CLANG_WARN_BLOCK_CAPTURE_AUTORELEASING = YES;
				CLANG_WARN_BOOL_CONVERSION = YES;
				CLANG_WARN_COMMA = YES;
				CLANG_WARN_CONSTANT_CONVERSION = YES;
				CLANG_WARN_DEPRECATED_OBJC_IMPLEMENTATIONS = YES;
				CLANG_WARN_DIRECT_OBJC_ISA_USAGE = YES_ERROR;
				CLANG_WARN_DOCUMENTATION_COMMENTS = YES;
				CLANG_WARN_EMPTY_BODY = YES;
				CLANG_WARN_ENUM_CONVERSION = YES;
				CLANG_WARN_INFINITE_RECURSION = YES;
				CLANG_WARN_INT_CONVERSION = YES;
				CLANG_WARN_NON_LITERAL_NULL_CONVERSION = YES;
				CLANG_WARN_OBJC_IMPLICIT_RETAIN_SELF = YES;
				CLANG_WARN_OBJC_LITERAL_CONVERSION = YES;
				CLANG_WARN_OBJC_ROOT_CLASS = YES_ERROR;
				CLANG_WARN_QUOTED_INCLUDE_IN_FRAMEWORK_HEADER = YES;
				CLANG_WARN_RANGE_LOOP_ANALYSIS = YES;
				CLANG_WARN_STRICT_PROTOTYPES = YES;
				CLANG_WARN_SUSPICIOUS_MOVE = YES;
				CLANG_WARN_UNGUARDED_AVAILABILITY = YES_AGGRESSIVE;
				CLANG_WARN_UNREACHABLE_CODE = YES;
				CLANG_WARN__DUPLICATE_METHOD_MATCH = YES;
				COPY_PHASE_STRIP = NO;
				DEBUG_INFORMATION_FORMAT = dwarf;
				ENABLE_STRICT_OBJC_MSGSEND = YES;
				ENABLE_TESTABILITY = YES;
				ENABLE_USER_SCRIPT_SANDBOXING = NO;
				GCC_C_LANGUAGE_STANDARD = gnu17;
				GCC_DYNAMIC_NO_PIC = NO;
				GCC_NO_COMMON_BLOCKS = YES;
				GCC_OPTIMIZATION_LEVEL = 0;
				GCC_PREPROCESSOR_DEFINITIONS = (
					"DEBUG=1",
					"$(inherited)",
				);
				GCC_WARN_64_TO_32_BIT_CONVERSION = YES;
				GCC_WARN_ABOUT_RETURN_TYPE = YES_ERROR;
				GCC_WARN_UNDECLARED_SELECTOR = YES;
				GCC_WARN_UNINITIALIZED_AUTOS = YES_AGGRESSIVE;
				GCC_WARN_UNUSED_FUNCTION = YES;
				GCC_WARN_UNUSED_VARIABLE = YES;
				LOCALIZATION_PREFERS_STRING_CATALOGS = YES;
				MACOSX_DEPLOYMENT_TARGET = 11.0;
				MTL_ENABLE_DEBUG_INFO = INCLUDE_SOURCE;
				MTL_FAST_MATH = YES;
				ONLY_ACTIVE_ARCH = YES;
				SDKROOT = macosx;
			};
			name = Debug;
		};
		24C634162B850D2E00E08B67 /* Release */ = {
			isa = XCBuildConfiguration;
			buildSettings = {
				ALWAYS_SEARCH_USER_PATHS = NO;
				ASSETCATALOG_COMPILER_GENERATE_SWIFT_ASSET_SYMBOL_EXTENSIONS = YES;
				CLANG_ANALYZER_NONNULL = YES;
				CLANG_ANALYZER_NUMBER_OBJECT_CONVERSION = YES_AGGRESSIVE;
				CLANG_CXX_LANGUAGE_STANDARD = "gnu++20";
				CLANG_ENABLE_MODULES = YES;
				CLANG_ENABLE_OBJC_ARC = YES;
				CLANG_ENABLE_OBJC_WEAK = YES;
				CLANG_WARN_BLOCK_CAPTURE_AUTORELEASING = YES;
				CLANG_WARN_BOOL_CONVERSION = YES;
				CLANG_WARN_COMMA = YES;
				CLANG_WARN_CONSTANT_CONVERSION = YES;
				CLANG_WARN_DEPRECATED_OBJC_IMPLEMENTATIONS = YES;
				CLANG_WARN_DIRECT_OBJC_ISA_USAGE = YES_ERROR;
				CLANG_WARN_DOCUMENTATION_COMMENTS = YES;
				CLANG_WARN_EMPTY_BODY = YES;
				CLANG_WARN_ENUM_CONVERSION = YES;
				CLANG_WARN_INFINITE_RECURSION = YES;
				CLANG_WARN_INT_CONVERSION = YES;
				CLANG_WARN_NON_LITERAL_NULL_CONVERSION = YES;
				CLANG_WARN_OBJC_IMPLICIT_RETAIN_SELF = YES;
				CLANG_WARN_OBJC_LITERAL_CONVERSION = YES;
				CLANG_WARN_OBJC_ROOT_CLASS = YES_ERROR;
				CLANG_WARN_QUOTED_INCLUDE_IN_FRAMEWORK_HEADER = YES;
				CLANG_WARN_RANGE_LOOP_ANALYSIS = YES;
				CLANG_WARN_STRICT_PROTOTYPES = YES;
				CLANG_WARN_SUSPICIOUS_MOVE = YES;
				CLANG_WARN_UNGUARDED_AVAILABILITY = YES_AGGRESSIVE;
				CLANG_WARN_UNREACHABLE_CODE = YES;
				CLANG_WARN__DUPLICATE_METHOD_MATCH = YES;
				COPY_PHASE_STRIP = NO;
				DEBUG_INFORMATION_FORMAT = "dwarf-with-dsym";
				ENABLE_NS_ASSERTIONS = NO;
				ENABLE_STRICT_OBJC_MSGSEND = YES;
				ENABLE_USER_SCRIPT_SANDBOXING = NO;
				GCC_C_LANGUAGE_STANDARD = gnu17;
				GCC_NO_COMMON_BLOCKS = YES;
				GCC_WARN_64_TO_32_BIT_CONVERSION = YES;
				GCC_WARN_ABOUT_RETURN_TYPE = YES_ERROR;
				GCC_WARN_UNDECLARED_SELECTOR = YES;
				GCC_WARN_UNINITIALIZED_AUTOS = YES_AGGRESSIVE;
				GCC_WARN_UNUSED_FUNCTION = YES;
				GCC_WARN_UNUSED_VARIABLE = YES;
				LOCALIZATION_PREFERS_STRING_CATALOGS = YES;
				MACOSX_DEPLOYMENT_TARGET = 11.0;
				MTL_ENABLE_DEBUG_INFO = NO;
				MTL_FAST_MATH = YES;
				SDKROOT = macosx;
			};
			name = Release;
		};
		24C634182B850D2E00E08B67 /* Debug */ = {
			isa = XCBuildConfiguration;
			baseConfigurationReference = 386B13BBF36E5D96060C287D /* Pods-chess-invert.debug.xcconfig */;
			buildSettings = {
				ASSETCATALOG_COMPILER_APPICON_NAME = AppIcon;
				ASSETCATALOG_COMPILER_GLOBAL_ACCENT_COLOR_NAME = AccentColor;
				CODE_SIGN_ENTITLEMENTS = "chess-invert/chess_invert.entitlements";
				CODE_SIGN_STYLE = Automatic;
				COMBINE_HIDPI_IMAGES = YES;
				CURRENT_PROJECT_VERSION = 1;
				GENERATE_INFOPLIST_FILE = YES;
				INFOPLIST_KEY_NSHumanReadableCopyright = "";
				INFOPLIST_KEY_NSMainStoryboardFile = Main;
				INFOPLIST_KEY_NSPrincipalClass = NSApplication;
				LD_RUNPATH_SEARCH_PATHS = (
					"$(inherited)",
					"@executable_path/../Frameworks",
				);
				MARKETING_VERSION = 1.0;
				PRODUCT_BUNDLE_IDENTIFIER = "com.ivna.chess-invert";
				PRODUCT_NAME = "$(TARGET_NAME)";
				SWIFT_EMIT_LOC_STRINGS = YES;
			};
			name = Debug;
		};
		24C634192B850D2E00E08B67 /* Release */ = {
			isa = XCBuildConfiguration;
			baseConfigurationReference = 3875F2AFE157DF97AEE9F67A /* Pods-chess-invert.release.xcconfig */;
			buildSettings = {
				ASSETCATALOG_COMPILER_APPICON_NAME = AppIcon;
				ASSETCATALOG_COMPILER_GLOBAL_ACCENT_COLOR_NAME = AccentColor;
				CODE_SIGN_ENTITLEMENTS = "chess-invert/chess_invert.entitlements";
				CODE_SIGN_STYLE = Automatic;
				COMBINE_HIDPI_IMAGES = YES;
				CURRENT_PROJECT_VERSION = 1;
				GENERATE_INFOPLIST_FILE = YES;
				INFOPLIST_KEY_NSHumanReadableCopyright = "";
				INFOPLIST_KEY_NSMainStoryboardFile = Main;
				INFOPLIST_KEY_NSPrincipalClass = NSApplication;
				LD_RUNPATH_SEARCH_PATHS = (
					"$(inherited)",
					"@executable_path/../Frameworks",
				);
				MARKETING_VERSION = 1.0;
				PRODUCT_BUNDLE_IDENTIFIER = "com.ivna.chess-invert";
				PRODUCT_NAME = "$(TARGET_NAME)";
				SWIFT_EMIT_LOC_STRINGS = YES;
			};
			name = Release;
		};
/* End XCBuildConfiguration section */

/* Begin XCConfigurationList section */
		24C633FF2B850D2D00E08B67 /* Build configuration list for PBXProject "chess-invert" */ = {
			isa = XCConfigurationList;
			buildConfigurations = (
				24C634152B850D2E00E08B67 /* Debug */,
				24C634162B850D2E00E08B67 /* Release */,
			);
			defaultConfigurationIsVisible = 0;
			defaultConfigurationName = Release;
		};
		24C634172B850D2E00E08B67 /* Build configuration list for PBXNativeTarget "chess-invert" */ = {
			isa = XCConfigurationList;
			buildConfigurations = (
				24C634182B850D2E00E08B67 /* Debug */,
				24C634192B850D2E00E08B67 /* Release */,
			);
			defaultConfigurationIsVisible = 0;
			defaultConfigurationName = Release;
		};
/* End XCConfigurationList section */
	};
	rootObject = 24C633FC2B850D2D00E08B67 /* Project object */;
}
